// !$*UTF8*$!
{
	archiveVersion = 1;
	classes = {
	};
	objectVersion = 77;
	objects = {

/* Begin PBXBuildFile section */
		0B33B52236D70B500B35C29E /* AppleVoiceInputController.swift in Sources */ = {isa = PBXBuildFile; fileRef = 1A41747DB3EB2606F350F913 /* AppleVoiceInputController.swift */; };
		0B99698802F197747C75B731 /* AIConfigurationStore.swift in Sources */ = {isa = PBXBuildFile; fileRef = 6EE69DB39BC996ED000FCCC4 /* AIConfigurationStore.swift */; };
		117F7E9D16F29C60C2F31508 /* ZiWeiCoreTests.swift in Sources */ = {isa = PBXBuildFile; fileRef = 0A4EC5BB5244F464A67A1EC8 /* ZiWeiCoreTests.swift */; };
		12B70251E6CBCBA13B163897 /* ZiWeiRules.swift in Sources */ = {isa = PBXBuildFile; fileRef = 9C567EF0828AE669C9B79739 /* ZiWeiRules.swift */; };
		15E38F9F73DB17F7C87E8B6F /* InterpretationValidator.swift in Sources */ = {isa = PBXBuildFile; fileRef = C6226D4F6886FD317C6D2C12 /* InterpretationValidator.swift */; };
		1F2F3B8A8BF7AB56672F02B7 /* ChartFactBuilderTests.swift in Sources */ = {isa = PBXBuildFile; fileRef = C6F47EEC71969B65AE9A6439 /* ChartFactBuilderTests.swift */; };
		24AC73DF96E1DCF2A3E5827F /* PalaceDetailView.swift in Sources */ = {isa = PBXBuildFile; fileRef = 90937BEA13CCA793C63D751E /* PalaceDetailView.swift */; };
		27E79E39D9D5C1A35BD66B4D /* AboutView.swift in Sources */ = {isa = PBXBuildFile; fileRef = 32476896280CD9A6DF081001 /* AboutView.swift */; };
		2B3C06FAFA75B3A4135E0E47 /* MightyZiWeiUITests.swift in Sources */ = {isa = PBXBuildFile; fileRef = 97DB1AE2F8775CC76192AEF9 /* MightyZiWeiUITests.swift */; };
		2C1E451C5864455CCEDE6CDC /* Palace.swift in Sources */ = {isa = PBXBuildFile; fileRef = D44E169F23C465365C17F931 /* Palace.swift */; };
		2FD092155F1006A5EEC58345 /* ChartLearningContent.swift in Sources */ = {isa = PBXBuildFile; fileRef = 4551E0ACDDF8805E8D18FC5F /* ChartLearningContent.swift */; };
		34698CCE011788503A6E8CEF /* AIConfigurationStoreTests.swift in Sources */ = {isa = PBXBuildFile; fileRef = AD8015906E6B1A5D4A037EEF /* AIConfigurationStoreTests.swift */; };
		3689D9DD4C5A0F7C91D34FC4 /* chart_011_hour_wei.json in Resources */ = {isa = PBXBuildFile; fileRef = DEB07B8EC61549D16345B2E2 /* chart_011_hour_wei.json */; };
		3AFE81E685D9E35EA39AD8DB /* AdjacentHourComparison.swift in Sources */ = {isa = PBXBuildFile; fileRef = 9553EFAC40E9D20E84061B75 /* AdjacentHourComparison.swift */; };
		4512C9F3380861D5A9160279 /* SavedChartTests.swift in Sources */ = {isa = PBXBuildFile; fileRef = 32E9E7214FAB09F1CDC5E131 /* SavedChartTests.swift */; };
		4B118F7E9AEC01848ABB8B30 /* BackupRestoreService.swift in Sources */ = {isa = PBXBuildFile; fileRef = FDA1772BF3EF5EA2C29BCB4B /* BackupRestoreService.swift */; };
		4D242F2CCC9CA04C6542ED53 /* BackupManagementView.swift in Sources */ = {isa = PBXBuildFile; fileRef = BE918D554B9AC0A2BE8EAE7E /* BackupManagementView.swift */; };
		4D430F3BD88648608235B92D /* chart_008_hour_yin.json in Resources */ = {isa = PBXBuildFile; fileRef = 802E2B1F238730FA1BD275CC /* chart_008_hour_yin.json */; };
		4DC6855301A1A29613631E9F /* chart_004_leap_month.json in Resources */ = {isa = PBXBuildFile; fileRef = 8F835B76EC191B0C90F4FD74 /* chart_004_leap_month.json */; };
		4DF8DD0C73BC924FB5712213 /* MightyZiWeiApp.swift in Sources */ = {isa = PBXBuildFile; fileRef = 92A1E1F7A69B2D28FE44DC8D /* MightyZiWeiApp.swift */; };
		4EAADCB9D0FF0FE23D4494D3 /* DesignSystem.swift in Sources */ = {isa = PBXBuildFile; fileRef = 3AD3B6947F9662D390173554 /* DesignSystem.swift */; };
		4F34923999E919A440F0939B /* OpenAIResponsesInterpreter.swift in Sources */ = {isa = PBXBuildFile; fileRef = E805C16803086335B0FA1EFC /* OpenAIResponsesInterpreter.swift */; };
		50D6DAFAD4EF312A9EF60932 /* ChartEncyclopediaCatalog.swift in Sources */ = {isa = PBXBuildFile; fileRef = AB1CCACBD3CA56621DE4913A /* ChartEncyclopediaCatalog.swift */; };
		52B96B2B373B180D2D88B3C6 /* BirthProfile.swift in Sources */ = {isa = PBXBuildFile; fileRef = 11937549E0F84C51ADF1EF1E /* BirthProfile.swift */; };
		559727E9F76947C3EE6C47D1 /* SettingsView.swift in Sources */ = {isa = PBXBuildFile; fileRef = 0D12FE744C4E5E89927DD0FF /* SettingsView.swift */; };
		579010C0A86DFD3F3330372F /* chart_009_hour_mao.json in Resources */ = {isa = PBXBuildFile; fileRef = 4B6A47B453849E7528D25DC7 /* chart_009_hour_mao.json */; };
		58037B4CD027EFC5155F019F /* DualChartComparisonView.swift in Sources */ = {isa = PBXBuildFile; fileRef = 2192FBB516CC5FC644D563DF /* DualChartComparisonView.swift */; };
		5861179212E650CF7A22E9F5 /* AdjacentHourComparisonView.swift in Sources */ = {isa = PBXBuildFile; fileRef = 91BAF8F510039A5580FACE7D /* AdjacentHourComparisonView.swift */; };
		594F32C26E4B40FAC5BD01F0 /* EncryptedBackupServiceTests.swift in Sources */ = {isa = PBXBuildFile; fileRef = 078AC63291D99571D39AD89C /* EncryptedBackupServiceTests.swift */; };
		5B1DB5D632C20808500BC081 /* chart_006_1900_boundary.json in Resources */ = {isa = PBXBuildFile; fileRef = 18AABAE834D622A15AB7D45F /* chart_006_1900_boundary.json */; };
		654F208C3F823850E73D46CB /* chart_005_historical_dst.json in Resources */ = {isa = PBXBuildFile; fileRef = 0D504DB957AC3C401FBD7479 /* chart_005_historical_dst.json */; };
		68C4ECB4B593B62A703D3083 /* chart_010_hour_chen.json in Resources */ = {isa = PBXBuildFile; fileRef = 02C1298AD9321509D74417EB /* chart_010_hour_chen.json */; };
		698FE327FEA4864B152B9A27 /* DualChartInteractionReference.swift in Sources */ = {isa = PBXBuildFile; fileRef = 74723849A1AB0BEDA5C03676 /* DualChartInteractionReference.swift */; };
		6A459388F32BB28E5BB24ABC /* BirthInputView.swift in Sources */ = {isa = PBXBuildFile; fileRef = 9EFE0F1F2C55985916423122 /* BirthInputView.swift */; };
		6A61F3AE9430E018FA4A567E /* ChartAssistantView.swift in Sources */ = {isa = PBXBuildFile; fileRef = C08C471A48CC7C3E78AC21F9 /* ChartAssistantView.swift */; };
		6B1975A150CB510FF1267EA6 /* VoiceControls.swift in Sources */ = {isa = PBXBuildFile; fileRef = 09605540F592AE2403DFDE8B /* VoiceControls.swift */; };
		6D73B0D0F4A97DF9473B0464 /* Transformation.swift in Sources */ = {isa = PBXBuildFile; fileRef = 9A7A843D5A6D20F2B702F3E7 /* Transformation.swift */; };
		6F295E1271F152D74D0BEE99 /* RootView.swift in Sources */ = {isa = PBXBuildFile; fileRef = 297DA83F12C695DCD7F1E554 /* RootView.swift */; };
		725C6BF5F0C8C6C7521E98F9 /* ChartEncyclopediaCatalogTests.swift in Sources */ = {isa = PBXBuildFile; fileRef = 39A959B7DEE0A8A36091BEA5 /* ChartEncyclopediaCatalogTests.swift */; };
		7317FC9CD6390C23ABE260D6 /* SavedChartsView.swift in Sources */ = {isa = PBXBuildFile; fileRef = DBA09C8A1F6791610F43B020 /* SavedChartsView.swift */; };
		7336FB82FB629E85BDAF7B8E /* chart_012_hour_shen.json in Resources */ = {isa = PBXBuildFile; fileRef = 5952F0C28AEB29C0531E015F /* chart_012_hour_shen.json */; };
		75ACB7D63DFD2A9F8D3C83F0 /* ChartEncyclopediaView.swift in Sources */ = {isa = PBXBuildFile; fileRef = AC61923675FBB482E967559F /* ChartEncyclopediaView.swift */; };
		78EE09BEFE2BC8F3988A669A /* AdjacentHourComparisonBuilderTests.swift in Sources */ = {isa = PBXBuildFile; fileRef = 4039F2F414B50A55469B8544 /* AdjacentHourComparisonBuilderTests.swift */; };
		7E67812BD2E12AA9B6990304 /* chart_001_normal.json in Resources */ = {isa = PBXBuildFile; fileRef = 034ACE4FDF7CBF7A8A3FB51C /* chart_001_normal.json */; };
		7E954F686A83DD6184AADD93 /* InterpretationSeedBuilder.swift in Sources */ = {isa = PBXBuildFile; fileRef = B5C389AE52A85ED6C0C074EF /* InterpretationSeedBuilder.swift */; };
		7FB2BF58884A14E8A1BAD51E /* ChartSharingView.swift in Sources */ = {isa = PBXBuildFile; fileRef = F7AF4EF700334C34F2261BEA /* ChartSharingView.swift */; };
		8608035441A8D686A0843D5B /* SavedInsight.swift in Sources */ = {isa = PBXBuildFile; fileRef = 873BDF01B1D332DB57D5B156 /* SavedInsight.swift */; };
		8D54D3EE65DA39D0F83A2959 /* chart_007_2099_boundary.json in Resources */ = {isa = PBXBuildFile; fileRef = 6CFE44509E5BE1052BE94427 /* chart_007_2099_boundary.json */; };
		92D2115C7E6BB6EA9F1E1AA6 /* ZiWeiChart.swift in Sources */ = {isa = PBXBuildFile; fileRef = AB955C7DF656FDC943976E73 /* ZiWeiChart.swift */; };
		96C5BF79F91DF992D48C18CE /* InterpretationValidatorTests.swift in Sources */ = {isa = PBXBuildFile; fileRef = 3B0B71E02F6E3CC88F2BA4DE /* InterpretationValidatorTests.swift */; };
		9DE3AC8EAF227B8CF9654AA5 /* CalendarNormalizer.swift in Sources */ = {isa = PBXBuildFile; fileRef = FBBCDC45378DE1542584A162 /* CalendarNormalizer.swift */; };
		A358EA97D679804CEC760488 /* HomeView.swift in Sources */ = {isa = PBXBuildFile; fileRef = C7BB733B679E4CC1FAC918ED /* HomeView.swift */; };
		A780A7BB053C036AD90F2065 /* SavedInsightTests.swift in Sources */ = {isa = PBXBuildFile; fileRef = 872B137F15DE4C1DFBDD7512 /* SavedInsightTests.swift */; };
		A975D4C60A3039ECB3D71A0B /* TimeZonePickerView.swift in Sources */ = {isa = PBXBuildFile; fileRef = D2C62A38C5D80DA4046E9E59 /* TimeZonePickerView.swift */; };
		AA2809A40F4BE97CFC7AFD6E /* EncryptedBackupService.swift in Sources */ = {isa = PBXBuildFile; fileRef = C527000DB05FA7F8DA1D74D7 /* EncryptedBackupService.swift */; };
		B6973CE82B56262EFED846B2 /* DualChartInteractionReferenceBuilderTests.swift in Sources */ = {isa = PBXBuildFile; fileRef = 227BFC8B2D81F66B1248A645 /* DualChartInteractionReferenceBuilderTests.swift */; };
		B9F3FDD5B321E77DC67D6814 /* Star.swift in Sources */ = {isa = PBXBuildFile; fileRef = D43B88E143C001404E0389BC /* Star.swift */; };
		BA6AAAA51FFFB71856E1A23C /* Assets.xcassets in Resources */ = {isa = PBXBuildFile; fileRef = ED3EF7B33865609E6022E471 /* Assets.xcassets */; };
		BAB9B1BAC6436967C026FA9C /* InterpretationView.swift in Sources */ = {isa = PBXBuildFile; fileRef = 47FE9CFAA6EC55215BCC0479 /* InterpretationView.swift */; };
		BBFC7F29C250D32C01527485 /* Celestial.swift in Sources */ = {isa = PBXBuildFile; fileRef = B18A4ECF0644DBF718A3E9E2 /* Celestial.swift */; };
		C4ADD957C4D02683CF71C968 /* RuleBasedInterpreter.swift in Sources */ = {isa = PBXBuildFile; fileRef = A5E127D15AFEDE522FA72941 /* RuleBasedInterpreter.swift */; };
		C5025C73AFA6918B7CF6D948 /* ChartSharingTests.swift in Sources */ = {isa = PBXBuildFile; fileRef = 5E6484A79DA0CD399368BBE6 /* ChartSharingTests.swift */; };
		C52F8275E81188A8ECC57FB5 /* InterpretationModels.swift in Sources */ = {isa = PBXBuildFile; fileRef = EED571056EA26DE2392D57DF /* InterpretationModels.swift */; };
		C8B9C8E91BFF07A45B68C25C /* chart_013_hour_you.json in Resources */ = {isa = PBXBuildFile; fileRef = 2D227946A31E4946C3AB4358 /* chart_013_hour_you.json */; };
		CB305A656B8CD50DB66FDC2A /* VoiceCoordinatorTests.swift in Sources */ = {isa = PBXBuildFile; fileRef = D43CB632168EA90C22A43E2D /* VoiceCoordinatorTests.swift */; };
		CD57EA7976BC8FF7240B76D5 /* AppleVoiceOutputController.swift in Sources */ = {isa = PBXBuildFile; fileRef = 100D21B9C83D74470714BF27 /* AppleVoiceOutputController.swift */; };
		CDC81E182D78CF5D3A964A5F /* chart_014_hour_xu.json in Resources */ = {isa = PBXBuildFile; fileRef = 8F5C44BDBCC4F068F53F6930 /* chart_014_hour_xu.json */; };
		CE0D3975202B78474E838061 /* chart_003_lunar_new_year.json in Resources */ = {isa = PBXBuildFile; fileRef = 512F9FDF9201EA97FE79D24C /* chart_003_lunar_new_year.json */; };
		D6AB5AAB5562E6AA73372116 /* InterpretationSeedBuilderTests.swift in Sources */ = {isa = PBXBuildFile; fileRef = 5353F6D59EC127B45D1FDEF5 /* InterpretationSeedBuilderTests.swift */; };
		D7EDBF4D9D75BDB8CCDF1EE1 /* ChartLearningContentTests.swift in Sources */ = {isa = PBXBuildFile; fileRef = 05AC2BDB95CA8C5B089DBBD8 /* ChartLearningContentTests.swift */; };
		D85BBEA429A3B02529CC65F3 /* ChartFactBuilder.swift in Sources */ = {isa = PBXBuildFile; fileRef = E25651723A2A389BD03B03D4 /* ChartFactBuilder.swift */; };
		D9EF6E38788E178FFCC290B2 /* ChartJournalView.swift in Sources */ = {isa = PBXBuildFile; fileRef = 839272541C7ED25F0FBCA768 /* ChartJournalView.swift */; };
		E40C3D0F7D9F72BE3EC5614C /* SavedChart.swift in Sources */ = {isa = PBXBuildFile; fileRef = 2EFFB63FFA8D9A70F27728B1 /* SavedChart.swift */; };
		EAC13B032EF813E1FDE19405 /* UITestVoiceControllers.swift in Sources */ = {isa = PBXBuildFile; fileRef = 5DA807418C099CED157D4DD8 /* UITestVoiceControllers.swift */; };
		F24AD4E66BC2CEFECD9C44DD /* OpenAIResponsesInterpreterTests.swift in Sources */ = {isa = PBXBuildFile; fileRef = 2C6C61E578A073E5D22EC017 /* OpenAIResponsesInterpreterTests.swift */; };
		F3F83E81941E68E065CFFB63 /* AIConfigurationView.swift in Sources */ = {isa = PBXBuildFile; fileRef = 9FE9EC7A6106AD1114964AEE /* AIConfigurationView.swift */; };
		F5997911028DF894884879E5 /* chart_015_hour_hai.json in Resources */ = {isa = PBXBuildFile; fileRef = B66C62B7608BB514A7D0274E /* chart_015_hour_hai.json */; };
		F5AD6B59616539FFB4F4E59E /* BackupPayload.swift in Sources */ = {isa = PBXBuildFile; fileRef = E26E9269141F6F7F626FDDDF /* BackupPayload.swift */; };
		F7BADA33F8F331FCDB7B6EF0 /* chart_002_zi_hour.json in Resources */ = {isa = PBXBuildFile; fileRef = 7D8E7D1B6F2CDFF95477BAF7 /* chart_002_zi_hour.json */; };
		F8EF326921C0E66BFA373FFE /* ChartView.swift in Sources */ = {isa = PBXBuildFile; fileRef = 76E7E54747FAB806EA300947 /* ChartView.swift */; };
		FDBC2F9789913CDF91AC7FB9 /* ZiWeiCalculator.swift in Sources */ = {isa = PBXBuildFile; fileRef = 87669742859912449A36CAF5 /* ZiWeiCalculator.swift */; };
		FF7BD5B401E008CEC4A9AD7D /* VoiceCoordinator.swift in Sources */ = {isa = PBXBuildFile; fileRef = 88CC4B5EAD24028B5FC725E1 /* VoiceCoordinator.swift */; };
/* End PBXBuildFile section */

/* Begin PBXContainerItemProxy section */
		57DE09570FB675C413FF10D8 /* PBXContainerItemProxy */ = {
			isa = PBXContainerItemProxy;
			containerPortal = 1CA7437453123D308FD23FAB /* Project object */;
			proxyType = 1;
			remoteGlobalIDString = 7A819FFA15F9F9BF0150E2C6;
			remoteInfo = MightyZiWei;
		};
		C337B8F9ACA261A05384B730 /* PBXContainerItemProxy */ = {
			isa = PBXContainerItemProxy;
			containerPortal = 1CA7437453123D308FD23FAB /* Project object */;
			proxyType = 1;
			remoteGlobalIDString = 7A819FFA15F9F9BF0150E2C6;
			remoteInfo = MightyZiWei;
		};
/* End PBXContainerItemProxy section */

/* Begin PBXFileReference section */
		02C1298AD9321509D74417EB /* chart_010_hour_chen.json */ = {isa = PBXFileReference; lastKnownFileType = text.json; path = chart_010_hour_chen.json; sourceTree = "<group>"; };
		034ACE4FDF7CBF7A8A3FB51C /* chart_001_normal.json */ = {isa = PBXFileReference; lastKnownFileType = text.json; path = chart_001_normal.json; sourceTree = "<group>"; };
		05AC2BDB95CA8C5B089DBBD8 /* ChartLearningContentTests.swift */ = {isa = PBXFileReference; lastKnownFileType = sourcecode.swift; path = ChartLearningContentTests.swift; sourceTree = "<group>"; };
		05B9D7E0B4290D818DE087B0 /* MightyZiWeiTests.xctest */ = {isa = PBXFileReference; includeInIndex = 0; lastKnownFileType = wrapper.cfbundle; path = MightyZiWeiTests.xctest; sourceTree = BUILT_PRODUCTS_DIR; };
		078AC63291D99571D39AD89C /* EncryptedBackupServiceTests.swift */ = {isa = PBXFileReference; lastKnownFileType = sourcecode.swift; path = EncryptedBackupServiceTests.swift; sourceTree = "<group>"; };
		09605540F592AE2403DFDE8B /* VoiceControls.swift */ = {isa = PBXFileReference; lastKnownFileType = sourcecode.swift; path = VoiceControls.swift; sourceTree = "<group>"; };
		0A4EC5BB5244F464A67A1EC8 /* ZiWeiCoreTests.swift */ = {isa = PBXFileReference; lastKnownFileType = sourcecode.swift; path = ZiWeiCoreTests.swift; sourceTree = "<group>"; };
		0D12FE744C4E5E89927DD0FF /* SettingsView.swift */ = {isa = PBXFileReference; lastKnownFileType = sourcecode.swift; path = SettingsView.swift; sourceTree = "<group>"; };
		0D504DB957AC3C401FBD7479 /* chart_005_historical_dst.json */ = {isa = PBXFileReference; lastKnownFileType = text.json; path = chart_005_historical_dst.json; sourceTree = "<group>"; };
		100D21B9C83D74470714BF27 /* AppleVoiceOutputController.swift */ = {isa = PBXFileReference; lastKnownFileType = sourcecode.swift; path = AppleVoiceOutputController.swift; sourceTree = "<group>"; };
		11937549E0F84C51ADF1EF1E /* BirthProfile.swift */ = {isa = PBXFileReference; lastKnownFileType = sourcecode.swift; path = BirthProfile.swift; sourceTree = "<group>"; };
		18AABAE834D622A15AB7D45F /* chart_006_1900_boundary.json */ = {isa = PBXFileReference; lastKnownFileType = text.json; path = chart_006_1900_boundary.json; sourceTree = "<group>"; };
		1A41747DB3EB2606F350F913 /* AppleVoiceInputController.swift */ = {isa = PBXFileReference; lastKnownFileType = sourcecode.swift; path = AppleVoiceInputController.swift; sourceTree = "<group>"; };
		2192FBB516CC5FC644D563DF /* DualChartComparisonView.swift */ = {isa = PBXFileReference; lastKnownFileType = sourcecode.swift; path = DualChartComparisonView.swift; sourceTree = "<group>"; };
		227BFC8B2D81F66B1248A645 /* DualChartInteractionReferenceBuilderTests.swift */ = {isa = PBXFileReference; lastKnownFileType = sourcecode.swift; path = DualChartInteractionReferenceBuilderTests.swift; sourceTree = "<group>"; };
		297DA83F12C695DCD7F1E554 /* RootView.swift */ = {isa = PBXFileReference; lastKnownFileType = sourcecode.swift; path = RootView.swift; sourceTree = "<group>"; };
		2C6C61E578A073E5D22EC017 /* OpenAIResponsesInterpreterTests.swift */ = {isa = PBXFileReference; lastKnownFileType = sourcecode.swift; path = OpenAIResponsesInterpreterTests.swift; sourceTree = "<group>"; };
		2D227946A31E4946C3AB4358 /* chart_013_hour_you.json */ = {isa = PBXFileReference; lastKnownFileType = text.json; path = chart_013_hour_you.json; sourceTree = "<group>"; };
		2EFFB63FFA8D9A70F27728B1 /* SavedChart.swift */ = {isa = PBXFileReference; lastKnownFileType = sourcecode.swift; path = SavedChart.swift; sourceTree = "<group>"; };
		32476896280CD9A6DF081001 /* AboutView.swift */ = {isa = PBXFileReference; lastKnownFileType = sourcecode.swift; path = AboutView.swift; sourceTree = "<group>"; };
		32E9E7214FAB09F1CDC5E131 /* SavedChartTests.swift */ = {isa = PBXFileReference; lastKnownFileType = sourcecode.swift; path = SavedChartTests.swift; sourceTree = "<group>"; };
		39A959B7DEE0A8A36091BEA5 /* ChartEncyclopediaCatalogTests.swift */ = {isa = PBXFileReference; lastKnownFileType = sourcecode.swift; path = ChartEncyclopediaCatalogTests.swift; sourceTree = "<group>"; };
		3AD3B6947F9662D390173554 /* DesignSystem.swift */ = {isa = PBXFileReference; lastKnownFileType = sourcecode.swift; path = DesignSystem.swift; sourceTree = "<group>"; };
		3B0B71E02F6E3CC88F2BA4DE /* InterpretationValidatorTests.swift */ = {isa = PBXFileReference; lastKnownFileType = sourcecode.swift; path = InterpretationValidatorTests.swift; sourceTree = "<group>"; };
		4039F2F414B50A55469B8544 /* AdjacentHourComparisonBuilderTests.swift */ = {isa = PBXFileReference; lastKnownFileType = sourcecode.swift; path = AdjacentHourComparisonBuilderTests.swift; sourceTree = "<group>"; };
		4551E0ACDDF8805E8D18FC5F /* ChartLearningContent.swift */ = {isa = PBXFileReference; lastKnownFileType = sourcecode.swift; path = ChartLearningContent.swift; sourceTree = "<group>"; };
		47FE9CFAA6EC55215BCC0479 /* InterpretationView.swift */ = {isa = PBXFileReference; lastKnownFileType = sourcecode.swift; path = InterpretationView.swift; sourceTree = "<group>"; };
		4B6A47B453849E7528D25DC7 /* chart_009_hour_mao.json */ = {isa = PBXFileReference; lastKnownFileType = text.json; path = chart_009_hour_mao.json; sourceTree = "<group>"; };
		512F9FDF9201EA97FE79D24C /* chart_003_lunar_new_year.json */ = {isa = PBXFileReference; lastKnownFileType = text.json; path = chart_003_lunar_new_year.json; sourceTree = "<group>"; };
		5353F6D59EC127B45D1FDEF5 /* InterpretationSeedBuilderTests.swift */ = {isa = PBXFileReference; lastKnownFileType = sourcecode.swift; path = InterpretationSeedBuilderTests.swift; sourceTree = "<group>"; };
		5952F0C28AEB29C0531E015F /* chart_012_hour_shen.json */ = {isa = PBXFileReference; lastKnownFileType = text.json; path = chart_012_hour_shen.json; sourceTree = "<group>"; };
		5DA807418C099CED157D4DD8 /* UITestVoiceControllers.swift */ = {isa = PBXFileReference; lastKnownFileType = sourcecode.swift; path = UITestVoiceControllers.swift; sourceTree = "<group>"; };
		5E6484A79DA0CD399368BBE6 /* ChartSharingTests.swift */ = {isa = PBXFileReference; lastKnownFileType = sourcecode.swift; path = ChartSharingTests.swift; sourceTree = "<group>"; };
		6CFE44509E5BE1052BE94427 /* chart_007_2099_boundary.json */ = {isa = PBXFileReference; lastKnownFileType = text.json; path = chart_007_2099_boundary.json; sourceTree = "<group>"; };
		6EE69DB39BC996ED000FCCC4 /* AIConfigurationStore.swift */ = {isa = PBXFileReference; lastKnownFileType = sourcecode.swift; path = AIConfigurationStore.swift; sourceTree = "<group>"; };
		74723849A1AB0BEDA5C03676 /* DualChartInteractionReference.swift */ = {isa = PBXFileReference; lastKnownFileType = sourcecode.swift; path = DualChartInteractionReference.swift; sourceTree = "<group>"; };
		76E7E54747FAB806EA300947 /* ChartView.swift */ = {isa = PBXFileReference; lastKnownFileType = sourcecode.swift; path = ChartView.swift; sourceTree = "<group>"; };
		7D8E7D1B6F2CDFF95477BAF7 /* chart_002_zi_hour.json */ = {isa = PBXFileReference; lastKnownFileType = text.json; path = chart_002_zi_hour.json; sourceTree = "<group>"; };
		802E2B1F238730FA1BD275CC /* chart_008_hour_yin.json */ = {isa = PBXFileReference; lastKnownFileType = text.json; path = chart_008_hour_yin.json; sourceTree = "<group>"; };
		839272541C7ED25F0FBCA768 /* ChartJournalView.swift */ = {isa = PBXFileReference; lastKnownFileType = sourcecode.swift; path = ChartJournalView.swift; sourceTree = "<group>"; };
		872B137F15DE4C1DFBDD7512 /* SavedInsightTests.swift */ = {isa = PBXFileReference; lastKnownFileType = sourcecode.swift; path = SavedInsightTests.swift; sourceTree = "<group>"; };
		873BDF01B1D332DB57D5B156 /* SavedInsight.swift */ = {isa = PBXFileReference; lastKnownFileType = sourcecode.swift; path = SavedInsight.swift; sourceTree = "<group>"; };
		87669742859912449A36CAF5 /* ZiWeiCalculator.swift */ = {isa = PBXFileReference; lastKnownFileType = sourcecode.swift; path = ZiWeiCalculator.swift; sourceTree = "<group>"; };
		88CC4B5EAD24028B5FC725E1 /* VoiceCoordinator.swift */ = {isa = PBXFileReference; lastKnownFileType = sourcecode.swift; path = VoiceCoordinator.swift; sourceTree = "<group>"; };
		8F5C44BDBCC4F068F53F6930 /* chart_014_hour_xu.json */ = {isa = PBXFileReference; lastKnownFileType = text.json; path = chart_014_hour_xu.json; sourceTree = "<group>"; };
		8F835B76EC191B0C90F4FD74 /* chart_004_leap_month.json */ = {isa = PBXFileReference; lastKnownFileType = text.json; path = chart_004_leap_month.json; sourceTree = "<group>"; };
		90937BEA13CCA793C63D751E /* PalaceDetailView.swift */ = {isa = PBXFileReference; lastKnownFileType = sourcecode.swift; path = PalaceDetailView.swift; sourceTree = "<group>"; };
		91BAF8F510039A5580FACE7D /* AdjacentHourComparisonView.swift */ = {isa = PBXFileReference; lastKnownFileType = sourcecode.swift; path = AdjacentHourComparisonView.swift; sourceTree = "<group>"; };
		92A1E1F7A69B2D28FE44DC8D /* MightyZiWeiApp.swift */ = {isa = PBXFileReference; lastKnownFileType = sourcecode.swift; path = MightyZiWeiApp.swift; sourceTree = "<group>"; };
		9553EFAC40E9D20E84061B75 /* AdjacentHourComparison.swift */ = {isa = PBXFileReference; lastKnownFileType = sourcecode.swift; path = AdjacentHourComparison.swift; sourceTree = "<group>"; };
		97DB1AE2F8775CC76192AEF9 /* MightyZiWeiUITests.swift */ = {isa = PBXFileReference; lastKnownFileType = sourcecode.swift; path = MightyZiWeiUITests.swift; sourceTree = "<group>"; };
		9A7A843D5A6D20F2B702F3E7 /* Transformation.swift */ = {isa = PBXFileReference; lastKnownFileType = sourcecode.swift; path = Transformation.swift; sourceTree = "<group>"; };
		9C567EF0828AE669C9B79739 /* ZiWeiRules.swift */ = {isa = PBXFileReference; lastKnownFileType = sourcecode.swift; path = ZiWeiRules.swift; sourceTree = "<group>"; };
		9EFE0F1F2C55985916423122 /* BirthInputView.swift */ = {isa = PBXFileReference; lastKnownFileType = sourcecode.swift; path = BirthInputView.swift; sourceTree = "<group>"; };
		9FE9EC7A6106AD1114964AEE /* AIConfigurationView.swift */ = {isa = PBXFileReference; lastKnownFileType = sourcecode.swift; path = AIConfigurationView.swift; sourceTree = "<group>"; };
		A5E127D15AFEDE522FA72941 /* RuleBasedInterpreter.swift */ = {isa = PBXFileReference; lastKnownFileType = sourcecode.swift; path = RuleBasedInterpreter.swift; sourceTree = "<group>"; };
		AA2AE3E6F6C03E0F09AB2F62 /* MightyZiWeiUITests.xctest */ = {isa = PBXFileReference; includeInIndex = 0; lastKnownFileType = wrapper.cfbundle; path = MightyZiWeiUITests.xctest; sourceTree = BUILT_PRODUCTS_DIR; };
		AB1CCACBD3CA56621DE4913A /* ChartEncyclopediaCatalog.swift */ = {isa = PBXFileReference; lastKnownFileType = sourcecode.swift; path = ChartEncyclopediaCatalog.swift; sourceTree = "<group>"; };
		AB955C7DF656FDC943976E73 /* ZiWeiChart.swift */ = {isa = PBXFileReference; lastKnownFileType = sourcecode.swift; path = ZiWeiChart.swift; sourceTree = "<group>"; };
		AC61923675FBB482E967559F /* ChartEncyclopediaView.swift */ = {isa = PBXFileReference; lastKnownFileType = sourcecode.swift; path = ChartEncyclopediaView.swift; sourceTree = "<group>"; };
		AD8015906E6B1A5D4A037EEF /* AIConfigurationStoreTests.swift */ = {isa = PBXFileReference; lastKnownFileType = sourcecode.swift; path = AIConfigurationStoreTests.swift; sourceTree = "<group>"; };
		B18A4ECF0644DBF718A3E9E2 /* Celestial.swift */ = {isa = PBXFileReference; lastKnownFileType = sourcecode.swift; path = Celestial.swift; sourceTree = "<group>"; };
		B5C389AE52A85ED6C0C074EF /* InterpretationSeedBuilder.swift */ = {isa = PBXFileReference; lastKnownFileType = sourcecode.swift; path = InterpretationSeedBuilder.swift; sourceTree = "<group>"; };
		B66C62B7608BB514A7D0274E /* chart_015_hour_hai.json */ = {isa = PBXFileReference; lastKnownFileType = text.json; path = chart_015_hour_hai.json; sourceTree = "<group>"; };
		BE918D554B9AC0A2BE8EAE7E /* BackupManagementView.swift */ = {isa = PBXFileReference; lastKnownFileType = sourcecode.swift; path = BackupManagementView.swift; sourceTree = "<group>"; };
		C08C471A48CC7C3E78AC21F9 /* ChartAssistantView.swift */ = {isa = PBXFileReference; lastKnownFileType = sourcecode.swift; path = ChartAssistantView.swift; sourceTree = "<group>"; };
		C527000DB05FA7F8DA1D74D7 /* EncryptedBackupService.swift */ = {isa = PBXFileReference; lastKnownFileType = sourcecode.swift; path = EncryptedBackupService.swift; sourceTree = "<group>"; };
		C6226D4F6886FD317C6D2C12 /* InterpretationValidator.swift */ = {isa = PBXFileReference; lastKnownFileType = sourcecode.swift; path = InterpretationValidator.swift; sourceTree = "<group>"; };
		C6F47EEC71969B65AE9A6439 /* ChartFactBuilderTests.swift */ = {isa = PBXFileReference; lastKnownFileType = sourcecode.swift; path = ChartFactBuilderTests.swift; sourceTree = "<group>"; };
		C7BB733B679E4CC1FAC918ED /* HomeView.swift */ = {isa = PBXFileReference; lastKnownFileType = sourcecode.swift; path = HomeView.swift; sourceTree = "<group>"; };
		CE506A8D25088FF150C0D88A /* MightyZiWei.app */ = {isa = PBXFileReference; includeInIndex = 0; lastKnownFileType = wrapper.application; path = MightyZiWei.app; sourceTree = BUILT_PRODUCTS_DIR; };
		D2C62A38C5D80DA4046E9E59 /* TimeZonePickerView.swift */ = {isa = PBXFileReference; lastKnownFileType = sourcecode.swift; path = TimeZonePickerView.swift; sourceTree = "<group>"; };
		D43B88E143C001404E0389BC /* Star.swift */ = {isa = PBXFileReference; lastKnownFileType = sourcecode.swift; path = Star.swift; sourceTree = "<group>"; };
		D43CB632168EA90C22A43E2D /* VoiceCoordinatorTests.swift */ = {isa = PBXFileReference; lastKnownFileType = sourcecode.swift; path = VoiceCoordinatorTests.swift; sourceTree = "<group>"; };
		D44E169F23C465365C17F931 /* Palace.swift */ = {isa = PBXFileReference; lastKnownFileType = sourcecode.swift; path = Palace.swift; sourceTree = "<group>"; };
		DBA09C8A1F6791610F43B020 /* SavedChartsView.swift */ = {isa = PBXFileReference; lastKnownFileType = sourcecode.swift; path = SavedChartsView.swift; sourceTree = "<group>"; };
		DEB07B8EC61549D16345B2E2 /* chart_011_hour_wei.json */ = {isa = PBXFileReference; lastKnownFileType = text.json; path = chart_011_hour_wei.json; sourceTree = "<group>"; };
		E25651723A2A389BD03B03D4 /* ChartFactBuilder.swift */ = {isa = PBXFileReference; lastKnownFileType = sourcecode.swift; path = ChartFactBuilder.swift; sourceTree = "<group>"; };
		E26E9269141F6F7F626FDDDF /* BackupPayload.swift */ = {isa = PBXFileReference; lastKnownFileType = sourcecode.swift; path = BackupPayload.swift; sourceTree = "<group>"; };
		E805C16803086335B0FA1EFC /* OpenAIResponsesInterpreter.swift */ = {isa = PBXFileReference; lastKnownFileType = sourcecode.swift; path = OpenAIResponsesInterpreter.swift; sourceTree = "<group>"; };
		ED3EF7B33865609E6022E471 /* Assets.xcassets */ = {isa = PBXFileReference; lastKnownFileType = folder.assetcatalog; path = Assets.xcassets; sourceTree = "<group>"; };
		EED571056EA26DE2392D57DF /* InterpretationModels.swift */ = {isa = PBXFileReference; lastKnownFileType = sourcecode.swift; path = InterpretationModels.swift; sourceTree = "<group>"; };
		F7AF4EF700334C34F2261BEA /* ChartSharingView.swift */ = {isa = PBXFileReference; lastKnownFileType = sourcecode.swift; path = ChartSharingView.swift; sourceTree = "<group>"; };
		FBBCDC45378DE1542584A162 /* CalendarNormalizer.swift */ = {isa = PBXFileReference; lastKnownFileType = sourcecode.swift; path = CalendarNormalizer.swift; sourceTree = "<group>"; };
		FDA1772BF3EF5EA2C29BCB4B /* BackupRestoreService.swift */ = {isa = PBXFileReference; lastKnownFileType = sourcecode.swift; path = BackupRestoreService.swift; sourceTree = "<group>"; };
/* End PBXFileReference section */

/* Begin PBXGroup section */
		037664A06B8EE01ADBB2731E /* Home */ = {
			isa = PBXGroup;
			children = (
				C7BB733B679E4CC1FAC918ED /* HomeView.swift */,
			);
			path = Home;
			sourceTree = "<group>";
		};
		0B504566D4E21E9299162AAA /* AI */ = {
			isa = PBXGroup;
			children = (
				6EE69DB39BC996ED000FCCC4 /* AIConfigurationStore.swift */,
				E805C16803086335B0FA1EFC /* OpenAIResponsesInterpreter.swift */,
			);
			path = AI;
			sourceTree = "<group>";
		};
		167930394ABDE5D38A38212E /* Interpretation */ = {
			isa = PBXGroup;
			children = (
				E25651723A2A389BD03B03D4 /* ChartFactBuilder.swift */,
				EED571056EA26DE2392D57DF /* InterpretationModels.swift */,
				B5C389AE52A85ED6C0C074EF /* InterpretationSeedBuilder.swift */,
				C6226D4F6886FD317C6D2C12 /* InterpretationValidator.swift */,
				A5E127D15AFEDE522FA72941 /* RuleBasedInterpreter.swift */,
			);
			path = Interpretation;
			sourceTree = "<group>";
		};
		2224DA38B7368055B25BAABD /* BirthInput */ = {
			isa = PBXGroup;
			children = (
				9EFE0F1F2C55985916423122 /* BirthInputView.swift */,
				D2C62A38C5D80DA4046E9E59 /* TimeZonePickerView.swift */,
			);
			path = BirthInput;
			sourceTree = "<group>";
		};
		237CEB87CBF7D1DE235D5E01 /* Resources */ = {
			isa = PBXGroup;
			children = (
				ED3EF7B33865609E6022E471 /* Assets.xcassets */,
			);
			path = Resources;
			sourceTree = "<group>";
		};
		29E7DBC79E52BF6D6B3F6026 /* SavedCharts */ = {
			isa = PBXGroup;
			children = (
				BE918D554B9AC0A2BE8EAE7E /* BackupManagementView.swift */,
				839272541C7ED25F0FBCA768 /* ChartJournalView.swift */,
				2192FBB516CC5FC644D563DF /* DualChartComparisonView.swift */,
				DBA09C8A1F6791610F43B020 /* SavedChartsView.swift */,
			);
			path = SavedCharts;
			sourceTree = "<group>";
		};
		302869FA89A5F54CA219E243 /* Speech */ = {
			isa = PBXGroup;
			children = (
				D43CB632168EA90C22A43E2D /* VoiceCoordinatorTests.swift */,
			);
			path = Speech;
			sourceTree = "<group>";
		};
		3456EFCB9F8D183CE321EE9B /* Fixtures */ = {
			isa = PBXGroup;
			children = (
				034ACE4FDF7CBF7A8A3FB51C /* chart_001_normal.json */,
				7D8E7D1B6F2CDFF95477BAF7 /* chart_002_zi_hour.json */,
				512F9FDF9201EA97FE79D24C /* chart_003_lunar_new_year.json */,
				8F835B76EC191B0C90F4FD74 /* chart_004_leap_month.json */,
				0D504DB957AC3C401FBD7479 /* chart_005_historical_dst.json */,
				18AABAE834D622A15AB7D45F /* chart_006_1900_boundary.json */,
				6CFE44509E5BE1052BE94427 /* chart_007_2099_boundary.json */,
				802E2B1F238730FA1BD275CC /* chart_008_hour_yin.json */,
				4B6A47B453849E7528D25DC7 /* chart_009_hour_mao.json */,
				02C1298AD9321509D74417EB /* chart_010_hour_chen.json */,
				DEB07B8EC61549D16345B2E2 /* chart_011_hour_wei.json */,
				5952F0C28AEB29C0531E015F /* chart_012_hour_shen.json */,
				2D227946A31E4946C3AB4358 /* chart_013_hour_you.json */,
				8F5C44BDBCC4F068F53F6930 /* chart_014_hour_xu.json */,
				B66C62B7608BB514A7D0274E /* chart_015_hour_hai.json */,
			);
			path = Fixtures;
			sourceTree = "<group>";
		};
		43A424EDF0319B408EDD18F6 /* Interpretation */ = {
			isa = PBXGroup;
			children = (
				C08C471A48CC7C3E78AC21F9 /* ChartAssistantView.swift */,
				47FE9CFAA6EC55215BCC0479 /* InterpretationView.swift */,
			);
			path = Interpretation;
			sourceTree = "<group>";
		};
		48EEF64FBAD9B08119A03D44 /* Features */ = {
			isa = PBXGroup;
			children = (
				2224DA38B7368055B25BAABD /* BirthInput */,
				DD5EAD5FEF106EA91B4364F7 /* Chart */,
				037664A06B8EE01ADBB2731E /* Home */,
				43A424EDF0319B408EDD18F6 /* Interpretation */,
				29E7DBC79E52BF6D6B3F6026 /* SavedCharts */,
				963338411A63A69125ACA9BE /* Settings */,
			);
			path = Features;
			sourceTree = "<group>";
		};
		4A296215250DA24BC2C8639D /* ChartTools */ = {
			isa = PBXGroup;
			children = (
				9553EFAC40E9D20E84061B75 /* AdjacentHourComparison.swift */,
				74723849A1AB0BEDA5C03676 /* DualChartInteractionReference.swift */,
			);
			path = ChartTools;
			sourceTree = "<group>";
		};
		4B95E42FA8D1CA5B42027DAC /* Persistence */ = {
			isa = PBXGroup;
			children = (
				078AC63291D99571D39AD89C /* EncryptedBackupServiceTests.swift */,
				32E9E7214FAB09F1CDC5E131 /* SavedChartTests.swift */,
				872B137F15DE4C1DFBDD7512 /* SavedInsightTests.swift */,
			);
			path = Persistence;
			sourceTree = "<group>";
		};
		5B4213FDC45779729892193B /* ChartTools */ = {
			isa = PBXGroup;
			children = (
				4039F2F414B50A55469B8544 /* AdjacentHourComparisonBuilderTests.swift */,
				227BFC8B2D81F66B1248A645 /* DualChartInteractionReferenceBuilderTests.swift */,
			);
			path = ChartTools;
			sourceTree = "<group>";
		};
		673A3BA999DB7B3E683C2F06 /* AI */ = {
			isa = PBXGroup;
			children = (
				AD8015906E6B1A5D4A037EEF /* AIConfigurationStoreTests.swift */,
				2C6C61E578A073E5D22EC017 /* OpenAIResponsesInterpreterTests.swift */,
			);
			path = AI;
			sourceTree = "<group>";
		};
		73B34818678329B034C77083 /* Interpretation */ = {
			isa = PBXGroup;
			children = (
				C6F47EEC71969B65AE9A6439 /* ChartFactBuilderTests.swift */,
				5353F6D59EC127B45D1FDEF5 /* InterpretationSeedBuilderTests.swift */,
				3B0B71E02F6E3CC88F2BA4DE /* InterpretationValidatorTests.swift */,
			);
			path = Interpretation;
			sourceTree = "<group>";
		};
		7573CC6C1C2B78E965B47800 /* Calculator */ = {
			isa = PBXGroup;
			children = (
				87669742859912449A36CAF5 /* ZiWeiCalculator.swift */,
			);
			path = Calculator;
			sourceTree = "<group>";
		};
		89284925A16EAE3D2197CB4F /* Rules */ = {
			isa = PBXGroup;
			children = (
				9C567EF0828AE669C9B79739 /* ZiWeiRules.swift */,
			);
			path = Rules;
			sourceTree = "<group>";
		};
		963338411A63A69125ACA9BE /* Settings */ = {
			isa = PBXGroup;
			children = (
				32476896280CD9A6DF081001 /* AboutView.swift */,
				9FE9EC7A6106AD1114964AEE /* AIConfigurationView.swift */,
				0D12FE744C4E5E89927DD0FF /* SettingsView.swift */,
			);
			path = Settings;
			sourceTree = "<group>";
		};
		9868BBF11766CC3E6ACF6095 /* MightyZiWeiUITests */ = {
			isa = PBXGroup;
			children = (
				97DB1AE2F8775CC76192AEF9 /* MightyZiWeiUITests.swift */,
			);
			path = MightyZiWeiUITests;
			sourceTree = "<group>";
		};
		9AA3D82497A01C9D2939DAA6 /* Products */ = {
			isa = PBXGroup;
			children = (
				CE506A8D25088FF150C0D88A /* MightyZiWei.app */,
				05B9D7E0B4290D818DE087B0 /* MightyZiWeiTests.xctest */,
				AA2AE3E6F6C03E0F09AB2F62 /* MightyZiWeiUITests.xctest */,
			);
			name = Products;
			sourceTree = "<group>";
		};
		9B6802EADF6AB5175E2862FD = {
			isa = PBXGroup;
			children = (
				C4B2B75D9200ED9114D8C5DA /* MightyZiWei */,
				BEEDB938A564BD6D9240A6E9 /* MightyZiWeiTests */,
				9868BBF11766CC3E6ACF6095 /* MightyZiWeiUITests */,
				9AA3D82497A01C9D2939DAA6 /* Products */,
			);
			sourceTree = "<group>";
		};
		9DC2716039176B98C4C27187 /* Chart */ = {
			isa = PBXGroup;
			children = (
				39A959B7DEE0A8A36091BEA5 /* ChartEncyclopediaCatalogTests.swift */,
				05AC2BDB95CA8C5B089DBBD8 /* ChartLearningContentTests.swift */,
				5E6484A79DA0CD399368BBE6 /* ChartSharingTests.swift */,
			);
			path = Chart;
			sourceTree = "<group>";
		};
		A80584994038DA62A311ACF5 /* Platform */ = {
			isa = PBXGroup;
			children = (
				B8BA54EF32C6A0740467BAB3 /* Speech */,
			);
			path = Platform;
			sourceTree = "<group>";
		};
		AC15383281B5AE1CB7951E68 /* Calendar */ = {
			isa = PBXGroup;
			children = (
				FBBCDC45378DE1542584A162 /* CalendarNormalizer.swift */,
			);
			path = Calendar;
			sourceTree = "<group>";
		};
		AF8D8086D0DD5A5B348B6829 /* Persistence */ = {
			isa = PBXGroup;
			children = (
				E26E9269141F6F7F626FDDDF /* BackupPayload.swift */,
				FDA1772BF3EF5EA2C29BCB4B /* BackupRestoreService.swift */,
				C527000DB05FA7F8DA1D74D7 /* EncryptedBackupService.swift */,
				2EFFB63FFA8D9A70F27728B1 /* SavedChart.swift */,
				873BDF01B1D332DB57D5B156 /* SavedInsight.swift */,
			);
			path = Persistence;
			sourceTree = "<group>";
		};
		B8BA54EF32C6A0740467BAB3 /* Speech */ = {
			isa = PBXGroup;
			children = (
				1A41747DB3EB2606F350F913 /* AppleVoiceInputController.swift */,
				100D21B9C83D74470714BF27 /* AppleVoiceOutputController.swift */,
				5DA807418C099CED157D4DD8 /* UITestVoiceControllers.swift */,
				09605540F592AE2403DFDE8B /* VoiceControls.swift */,
				88CC4B5EAD24028B5FC725E1 /* VoiceCoordinator.swift */,
			);
			path = Speech;
			sourceTree = "<group>";
		};
		BEEDB938A564BD6D9240A6E9 /* MightyZiWeiTests */ = {
			isa = PBXGroup;
			children = (
				0A4EC5BB5244F464A67A1EC8 /* ZiWeiCoreTests.swift */,
				673A3BA999DB7B3E683C2F06 /* AI */,
				9DC2716039176B98C4C27187 /* Chart */,
				5B4213FDC45779729892193B /* ChartTools */,
				3456EFCB9F8D183CE321EE9B /* Fixtures */,
				73B34818678329B034C77083 /* Interpretation */,
				4B95E42FA8D1CA5B42027DAC /* Persistence */,
				302869FA89A5F54CA219E243 /* Speech */,
			);
			path = MightyZiWeiTests;
			sourceTree = "<group>";
		};
		C4B2B75D9200ED9114D8C5DA /* MightyZiWei */ = {
			isa = PBXGroup;
			children = (
				0B504566D4E21E9299162AAA /* AI */,
				C516DE0D83F77A41BF7669CA /* App */,
				4A296215250DA24BC2C8639D /* ChartTools */,
				DD7D5B1E8B023271B6C74B7A /* Domain */,
				48EEF64FBAD9B08119A03D44 /* Features */,
				167930394ABDE5D38A38212E /* Interpretation */,
				AF8D8086D0DD5A5B348B6829 /* Persistence */,
				A80584994038DA62A311ACF5 /* Platform */,
				237CEB87CBF7D1DE235D5E01 /* Resources */,
				E96D1388AB9C44A215B15195 /* ZiWeiCore */,
			);
			path = MightyZiWei;
			sourceTree = "<group>";
		};
		C516DE0D83F77A41BF7669CA /* App */ = {
			isa = PBXGroup;
			children = (
				3AD3B6947F9662D390173554 /* DesignSystem.swift */,
				92A1E1F7A69B2D28FE44DC8D /* MightyZiWeiApp.swift */,
				297DA83F12C695DCD7F1E554 /* RootView.swift */,
			);
			path = App;
			sourceTree = "<group>";
		};
		DD5EAD5FEF106EA91B4364F7 /* Chart */ = {
			isa = PBXGroup;
			children = (
				91BAF8F510039A5580FACE7D /* AdjacentHourComparisonView.swift */,
				AB1CCACBD3CA56621DE4913A /* ChartEncyclopediaCatalog.swift */,
				AC61923675FBB482E967559F /* ChartEncyclopediaView.swift */,
				4551E0ACDDF8805E8D18FC5F /* ChartLearningContent.swift */,
				F7AF4EF700334C34F2261BEA /* ChartSharingView.swift */,
				76E7E54747FAB806EA300947 /* ChartView.swift */,
				90937BEA13CCA793C63D751E /* PalaceDetailView.swift */,
			);
			path = Chart;
			sourceTree = "<group>";
		};
		DD7D5B1E8B023271B6C74B7A /* Domain */ = {
			isa = PBXGroup;
			children = (
				11937549E0F84C51ADF1EF1E /* BirthProfile.swift */,
				B18A4ECF0644DBF718A3E9E2 /* Celestial.swift */,
				D44E169F23C465365C17F931 /* Palace.swift */,
				D43B88E143C001404E0389BC /* Star.swift */,
				9A7A843D5A6D20F2B702F3E7 /* Transformation.swift */,
				AB955C7DF656FDC943976E73 /* ZiWeiChart.swift */,
			);
			path = Domain;
			sourceTree = "<group>";
		};
		E96D1388AB9C44A215B15195 /* ZiWeiCore */ = {
			isa = PBXGroup;
			children = (
				7573CC6C1C2B78E965B47800 /* Calculator */,
				AC15383281B5AE1CB7951E68 /* Calendar */,
				89284925A16EAE3D2197CB4F /* Rules */,
			);
			path = ZiWeiCore;
			sourceTree = "<group>";
		};
/* End PBXGroup section */

/* Begin PBXNativeTarget section */
		7A819FFA15F9F9BF0150E2C6 /* MightyZiWei */ = {
			isa = PBXNativeTarget;
			buildConfigurationList = 1CA09D3281922A0541A6EAC7 /* Build configuration list for PBXNativeTarget "MightyZiWei" */;
			buildPhases = (
				93FCBF7A50FE1F72AED51E50 /* Sources */,
				236E030003A47C534E03C264 /* Resources */,
			);
			buildRules = (
			);
			dependencies = (
			);
			name = MightyZiWei;
			packageProductDependencies = (
			);
			productName = MightyZiWei;
			productReference = CE506A8D25088FF150C0D88A /* MightyZiWei.app */;
			productType = "com.apple.product-type.application";
		};
		D60C11EA4D0EC6849030CE57 /* MightyZiWeiUITests */ = {
			isa = PBXNativeTarget;
			buildConfigurationList = 2BFE701A9511F46BD6C32AA7 /* Build configuration list for PBXNativeTarget "MightyZiWeiUITests" */;
			buildPhases = (
				6EB72300478CFEB58F7D0AD4 /* Sources */,
			);
			buildRules = (
			);
			dependencies = (
				BF9309E1D2BFEF52D435FBB9 /* PBXTargetDependency */,
			);
			name = MightyZiWeiUITests;
			packageProductDependencies = (
			);
			productName = MightyZiWeiUITests;
			productReference = AA2AE3E6F6C03E0F09AB2F62 /* MightyZiWeiUITests.xctest */;
			productType = "com.apple.product-type.bundle.ui-testing";
		};
		FEB43CA61087A004EEF52DDD /* MightyZiWeiTests */ = {
			isa = PBXNativeTarget;
			buildConfigurationList = 19FB97598D05117F183BAB3D /* Build configuration list for PBXNativeTarget "MightyZiWeiTests" */;
			buildPhases = (
				EED5A1EA746A8C4AB052B60D /* Sources */,
				CAF18F0EFC4F6FFA9AED38FD /* Resources */,
			);
			buildRules = (
			);
			dependencies = (
				14C4996177DF3F1620E5027E /* PBXTargetDependency */,
			);
			name = MightyZiWeiTests;
			packageProductDependencies = (
			);
			productName = MightyZiWeiTests;
			productReference = 05B9D7E0B4290D818DE087B0 /* MightyZiWeiTests.xctest */;
			productType = "com.apple.product-type.bundle.unit-test";
		};
/* End PBXNativeTarget section */

/* Begin PBXProject section */
		1CA7437453123D308FD23FAB /* Project object */ = {
			isa = PBXProject;
			attributes = {
				BuildIndependentTargetsInParallel = YES;
				LastUpgradeCheck = 2660;
				TargetAttributes = {
					7A819FFA15F9F9BF0150E2C6 = {
						DevelopmentTeam = A4YQL6FFTK;
						ProvisioningStyle = Automatic;
					};
					D60C11EA4D0EC6849030CE57 = {
						DevelopmentTeam = A4YQL6FFTK;
						ProvisioningStyle = Automatic;
						TestTargetID = 7A819FFA15F9F9BF0150E2C6;
					};
					FEB43CA61087A004EEF52DDD = {
						DevelopmentTeam = A4YQL6FFTK;
						ProvisioningStyle = Automatic;
					};
				};
			};
			buildConfigurationList = 4812D7EEDF80CBA0E36469B0 /* Build configuration list for PBXProject "MightyZiWei" */;
			developmentRegion = "zh-Hant";
			hasScannedForEncodings = 0;
			knownRegions = (
				Base,
				"zh-Hant",
			);
			mainGroup = 9B6802EADF6AB5175E2862FD;
			minimizedProjectReferenceProxies = 1;
			preferredProjectObjectVersion = 77;
			productRefGroup = 9AA3D82497A01C9D2939DAA6 /* Products */;
			projectDirPath = "";
			projectRoot = "";
			targets = (
				7A819FFA15F9F9BF0150E2C6 /* MightyZiWei */,
				FEB43CA61087A004EEF52DDD /* MightyZiWeiTests */,
				D60C11EA4D0EC6849030CE57 /* MightyZiWeiUITests */,
			);
		};
/* End PBXProject section */

/* Begin PBXResourcesBuildPhase section */
		236E030003A47C534E03C264 /* Resources */ = {
			isa = PBXResourcesBuildPhase;
			buildActionMask = 2147483647;
			files = (
				BA6AAAA51FFFB71856E1A23C /* Assets.xcassets in Resources */,
			);
			runOnlyForDeploymentPostprocessing = 0;
		};
		CAF18F0EFC4F6FFA9AED38FD /* Resources */ = {
			isa = PBXResourcesBuildPhase;
			buildActionMask = 2147483647;
			files = (
				7E67812BD2E12AA9B6990304 /* chart_001_normal.json in Resources */,
				F7BADA33F8F331FCDB7B6EF0 /* chart_002_zi_hour.json in Resources */,
				CE0D3975202B78474E838061 /* chart_003_lunar_new_year.json in Resources */,
				4DC6855301A1A29613631E9F /* chart_004_leap_month.json in Resources */,
				654F208C3F823850E73D46CB /* chart_005_historical_dst.json in Resources */,
				5B1DB5D632C20808500BC081 /* chart_006_1900_boundary.json in Resources */,
				8D54D3EE65DA39D0F83A2959 /* chart_007_2099_boundary.json in Resources */,
				4D430F3BD88648608235B92D /* chart_008_hour_yin.json in Resources */,
				579010C0A86DFD3F3330372F /* chart_009_hour_mao.json in Resources */,
				68C4ECB4B593B62A703D3083 /* chart_010_hour_chen.json in Resources */,
				3689D9DD4C5A0F7C91D34FC4 /* chart_011_hour_wei.json in Resources */,
				7336FB82FB629E85BDAF7B8E /* chart_012_hour_shen.json in Resources */,
				C8B9C8E91BFF07A45B68C25C /* chart_013_hour_you.json in Resources */,
				CDC81E182D78CF5D3A964A5F /* chart_014_hour_xu.json in Resources */,
				F5997911028DF894884879E5 /* chart_015_hour_hai.json in Resources */,
			);
			runOnlyForDeploymentPostprocessing = 0;
		};
/* End PBXResourcesBuildPhase section */

/* Begin PBXSourcesBuildPhase section */
		6EB72300478CFEB58F7D0AD4 /* Sources */ = {
			isa = PBXSourcesBuildPhase;
			buildActionMask = 2147483647;
			files = (
				2B3C06FAFA75B3A4135E0E47 /* MightyZiWeiUITests.swift in Sources */,
			);
			runOnlyForDeploymentPostprocessing = 0;
		};
		93FCBF7A50FE1F72AED51E50 /* Sources */ = {
			isa = PBXSourcesBuildPhase;
			buildActionMask = 2147483647;
			files = (
				0B99698802F197747C75B731 /* AIConfigurationStore.swift in Sources */,
				F3F83E81941E68E065CFFB63 /* AIConfigurationView.swift in Sources */,
				27E79E39D9D5C1A35BD66B4D /* AboutView.swift in Sources */,
				3AFE81E685D9E35EA39AD8DB /* AdjacentHourComparison.swift in Sources */,
				5861179212E650CF7A22E9F5 /* AdjacentHourComparisonView.swift in Sources */,
				0B33B52236D70B500B35C29E /* AppleVoiceInputController.swift in Sources */,
				CD57EA7976BC8FF7240B76D5 /* AppleVoiceOutputController.swift in Sources */,
				4D242F2CCC9CA04C6542ED53 /* BackupManagementView.swift in Sources */,
				F5AD6B59616539FFB4F4E59E /* BackupPayload.swift in Sources */,
				4B118F7E9AEC01848ABB8B30 /* BackupRestoreService.swift in Sources */,
				6A459388F32BB28E5BB24ABC /* BirthInputView.swift in Sources */,
				52B96B2B373B180D2D88B3C6 /* BirthProfile.swift in Sources */,
				9DE3AC8EAF227B8CF9654AA5 /* CalendarNormalizer.swift in Sources */,
				BBFC7F29C250D32C01527485 /* Celestial.swift in Sources */,
				6A61F3AE9430E018FA4A567E /* ChartAssistantView.swift in Sources */,
				50D6DAFAD4EF312A9EF60932 /* ChartEncyclopediaCatalog.swift in Sources */,
				75ACB7D63DFD2A9F8D3C83F0 /* ChartEncyclopediaView.swift in Sources */,
				D85BBEA429A3B02529CC65F3 /* ChartFactBuilder.swift in Sources */,
				D9EF6E38788E178FFCC290B2 /* ChartJournalView.swift in Sources */,
				2FD092155F1006A5EEC58345 /* ChartLearningContent.swift in Sources */,
				7FB2BF58884A14E8A1BAD51E /* ChartSharingView.swift in Sources */,
				F8EF326921C0E66BFA373FFE /* ChartView.swift in Sources */,
				4EAADCB9D0FF0FE23D4494D3 /* DesignSystem.swift in Sources */,
				58037B4CD027EFC5155F019F /* DualChartComparisonView.swift in Sources */,
				698FE327FEA4864B152B9A27 /* DualChartInteractionReference.swift in Sources */,
				AA2809A40F4BE97CFC7AFD6E /* EncryptedBackupService.swift in Sources */,
				A358EA97D679804CEC760488 /* HomeView.swift in Sources */,
				C52F8275E81188A8ECC57FB5 /* InterpretationModels.swift in Sources */,
				7E954F686A83DD6184AADD93 /* InterpretationSeedBuilder.swift in Sources */,
				15E38F9F73DB17F7C87E8B6F /* InterpretationValidator.swift in Sources */,
				BAB9B1BAC6436967C026FA9C /* InterpretationView.swift in Sources */,
				4DF8DD0C73BC924FB5712213 /* MightyZiWeiApp.swift in Sources */,
				4F34923999E919A440F0939B /* OpenAIResponsesInterpreter.swift in Sources */,
				2C1E451C5864455CCEDE6CDC /* Palace.swift in Sources */,
				24AC73DF96E1DCF2A3E5827F /* PalaceDetailView.swift in Sources */,
				6F295E1271F152D74D0BEE99 /* RootView.swift in Sources */,
				C4ADD957C4D02683CF71C968 /* RuleBasedInterpreter.swift in Sources */,
				E40C3D0F7D9F72BE3EC5614C /* SavedChart.swift in Sources */,
				7317FC9CD6390C23ABE260D6 /* SavedChartsView.swift in Sources */,
				8608035441A8D686A0843D5B /* SavedInsight.swift in Sources */,
				559727E9F76947C3EE6C47D1 /* SettingsView.swift in Sources */,
				B9F3FDD5B321E77DC67D6814 /* Star.swift in Sources */,
				A975D4C60A3039ECB3D71A0B /* TimeZonePickerView.swift in Sources */,
				6D73B0D0F4A97DF9473B0464 /* Transformation.swift in Sources */,
				EAC13B032EF813E1FDE19405 /* UITestVoiceControllers.swift in Sources */,
				6B1975A150CB510FF1267EA6 /* VoiceControls.swift in Sources */,
				FF7BD5B401E008CEC4A9AD7D /* VoiceCoordinator.swift in Sources */,
				FDBC2F9789913CDF91AC7FB9 /* ZiWeiCalculator.swift in Sources */,
				92D2115C7E6BB6EA9F1E1AA6 /* ZiWeiChart.swift in Sources */,
				12B70251E6CBCBA13B163897 /* ZiWeiRules.swift in Sources */,
			);
			runOnlyForDeploymentPostprocessing = 0;
		};
		EED5A1EA746A8C4AB052B60D /* Sources */ = {
			isa = PBXSourcesBuildPhase;
			buildActionMask = 2147483647;
			files = (
				34698CCE011788503A6E8CEF /* AIConfigurationStoreTests.swift in Sources */,
				78EE09BEFE2BC8F3988A669A /* AdjacentHourComparisonBuilderTests.swift in Sources */,
				725C6BF5F0C8C6C7521E98F9 /* ChartEncyclopediaCatalogTests.swift in Sources */,
				1F2F3B8A8BF7AB56672F02B7 /* ChartFactBuilderTests.swift in Sources */,
				D7EDBF4D9D75BDB8CCDF1EE1 /* ChartLearningContentTests.swift in Sources */,
				C5025C73AFA6918B7CF6D948 /* ChartSharingTests.swift in Sources */,
				B6973CE82B56262EFED846B2 /* DualChartInteractionReferenceBuilderTests.swift in Sources */,
				594F32C26E4B40FAC5BD01F0 /* EncryptedBackupServiceTests.swift in Sources */,
				D6AB5AAB5562E6AA73372116 /* InterpretationSeedBuilderTests.swift in Sources */,
				96C5BF79F91DF992D48C18CE /* InterpretationValidatorTests.swift in Sources */,
				F24AD4E66BC2CEFECD9C44DD /* OpenAIResponsesInterpreterTests.swift in Sources */,
				4512C9F3380861D5A9160279 /* SavedChartTests.swift in Sources */,
				A780A7BB053C036AD90F2065 /* SavedInsightTests.swift in Sources */,
				CB305A656B8CD50DB66FDC2A /* VoiceCoordinatorTests.swift in Sources */,
				117F7E9D16F29C60C2F31508 /* ZiWeiCoreTests.swift in Sources */,
			);
			runOnlyForDeploymentPostprocessing = 0;
		};
/* End PBXSourcesBuildPhase section */

/* Begin PBXTargetDependency section */
		14C4996177DF3F1620E5027E /* PBXTargetDependency */ = {
			isa = PBXTargetDependency;
			target = 7A819FFA15F9F9BF0150E2C6 /* MightyZiWei */;
			targetProxy = 57DE09570FB675C413FF10D8 /* PBXContainerItemProxy */;
		};
		BF9309E1D2BFEF52D435FBB9 /* PBXTargetDependency */ = {
			isa = PBXTargetDependency;
			target = 7A819FFA15F9F9BF0150E2C6 /* MightyZiWei */;
			targetProxy = C337B8F9ACA261A05384B730 /* PBXContainerItemProxy */;
		};
/* End PBXTargetDependency section */

/* Begin XCBuildConfiguration section */
		0E606A557176FDFE732CC67C /* Debug */ = {
			isa = XCBuildConfiguration;
			buildSettings = {
				ALWAYS_SEARCH_USER_PATHS = NO;
				ASSETCATALOG_COMPILER_GLOBAL_ACCENT_COLOR_NAME = AccentColor;
				CLANG_ANALYZER_NONNULL = YES;
				CLANG_ANALYZER_NUMBER_OBJECT_CONVERSION = YES_AGGRESSIVE;
				CLANG_CXX_LANGUAGE_STANDARD = "gnu++14";
				CLANG_CXX_LIBRARY = "libc++";
				CLANG_ENABLE_MODULES = YES;
				CLANG_ENABLE_OBJC_ARC = YES;
				CLANG_ENABLE_OBJC_WEAK = YES;
				CLANG_WARN_BLOCK_CAPTURE_AUTORELEASING = YES;
				CLANG_WARN_BOOL_CONVERSION = YES;
				CLANG_WARN_COMMA = YES;
				CLANG_WARN_CONSTANT_CONVERSION = YES;
				CLANG_WARN_DEPRECATED_OBJC_IMPLEMENTATIONS = YES;
				CLANG_WARN_DIRECT_OBJC_ISA_USAGE = YES_ERROR;
				CLANG_WARN_DOCUMENTATION_COMMENTS = YES;
				CLANG_WARN_EMPTY_BODY = YES;
				CLANG_WARN_ENUM_CONVERSION = YES;
				CLANG_WARN_INFINITE_RECURSION = YES;
				CLANG_WARN_INT_CONVERSION = YES;
				CLANG_WARN_NON_LITERAL_NULL_CONVERSION = YES;
				CLANG_WARN_OBJC_IMPLICIT_RETAIN_SELF = YES;
				CLANG_WARN_OBJC_LITERAL_CONVERSION = YES;
				CLANG_WARN_OBJC_ROOT_CLASS = YES_ERROR;
				CLANG_WARN_QUOTED_INCLUDE_IN_FRAMEWORK_HEADER = YES;
				CLANG_WARN_RANGE_LOOP_ANALYSIS = YES;
				CLANG_WARN_STRICT_PROTOTYPES = YES;
				CLANG_WARN_SUSPICIOUS_MOVE = YES;
				CLANG_WARN_UNGUARDED_AVAILABILITY = YES_AGGRESSIVE;
				CLANG_WARN_UNREACHABLE_CODE = YES;
				CLANG_WARN__DUPLICATE_METHOD_MATCH = YES;
				CODE_SIGN_STYLE = Automatic;
				COPY_PHASE_STRIP = NO;
				CURRENT_PROJECT_VERSION = 3;
				DEBUG_INFORMATION_FORMAT = dwarf;
				DEVELOPMENT_TEAM = A4YQL6FFTK;
				ENABLE_STRICT_OBJC_MSGSEND = YES;
				ENABLE_TESTABILITY = YES;
				ENABLE_USER_SCRIPT_SANDBOXING = YES;
				GCC_C_LANGUAGE_STANDARD = gnu11;
				GCC_DYNAMIC_NO_PIC = NO;
				GCC_NO_COMMON_BLOCKS = YES;
				GCC_OPTIMIZATION_LEVEL = 0;
				GCC_PREPROCESSOR_DEFINITIONS = (
					"$(inherited)",
					"DEBUG=1",
				);
				GCC_WARN_64_TO_32_BIT_CONVERSION = YES;
				GCC_WARN_ABOUT_RETURN_TYPE = YES_ERROR;
				GCC_WARN_UNDECLARED_SELECTOR = YES;
				GCC_WARN_UNINITIALIZED_AUTOS = YES_AGGRESSIVE;
				GCC_WARN_UNUSED_FUNCTION = YES;
				GCC_WARN_UNUSED_VARIABLE = YES;
				IPHONEOS_DEPLOYMENT_TARGET = 26.0;
				LOCALIZATION_PREFERS_STRING_CATALOGS = YES;
				MARKETING_VERSION = 1.0.4;
				MTL_ENABLE_DEBUG_INFO = INCLUDE_SOURCE;
				MTL_FAST_MATH = YES;
				ONLY_ACTIVE_ARCH = YES;
				PRODUCT_NAME = "$(TARGET_NAME)";
				SDKROOT = iphoneos;
				STRING_CATALOG_GENERATE_SYMBOLS = YES;
				SWIFT_ACTIVE_COMPILATION_CONDITIONS = DEBUG;
				SWIFT_OPTIMIZATION_LEVEL = "-Onone";
				SWIFT_STRICT_CONCURRENCY = complete;
				SWIFT_VERSION = 6.0;
			};
			name = Debug;
		};
		55C1DFAB2D554AAE0412EA74 /* Release */ = {
			isa = XCBuildConfiguration;
			buildSettings = {
				ALWAYS_SEARCH_USER_PATHS = NO;
				ASSETCATALOG_COMPILER_GLOBAL_ACCENT_COLOR_NAME = AccentColor;
				CLANG_ANALYZER_NONNULL = YES;
				CLANG_ANALYZER_NUMBER_OBJECT_CONVERSION = YES_AGGRESSIVE;
				CLANG_CXX_LANGUAGE_STANDARD = "gnu++14";
				CLANG_CXX_LIBRARY = "libc++";
				CLANG_ENABLE_MODULES = YES;
				CLANG_ENABLE_OBJC_ARC = YES;
				CLANG_ENABLE_OBJC_WEAK = YES;
				CLANG_WARN_BLOCK_CAPTURE_AUTORELEASING = YES;
				CLANG_WARN_BOOL_CONVERSION = YES;
				CLANG_WARN_COMMA = YES;
				CLANG_WARN_CONSTANT_CONVERSION = YES;
				CLANG_WARN_DEPRECATED_OBJC_IMPLEMENTATIONS = YES;
				CLANG_WARN_DIRECT_OBJC_ISA_USAGE = YES_ERROR;
				CLANG_WARN_DOCUMENTATION_COMMENTS = YES;
				CLANG_WARN_EMPTY_BODY = YES;
				CLANG_WARN_ENUM_CONVERSION = YES;
				CLANG_WARN_INFINITE_RECURSION = YES;
				CLANG_WARN_INT_CONVERSION = YES;
				CLANG_WARN_NON_LITERAL_NULL_CONVERSION = YES;
				CLANG_WARN_OBJC_IMPLICIT_RETAIN_SELF = YES;
				CLANG_WARN_OBJC_LITERAL_CONVERSION = YES;
				CLANG_WARN_OBJC_ROOT_CLASS = YES_ERROR;
				CLANG_WARN_QUOTED_INCLUDE_IN_FRAMEWORK_HEADER = YES;
				CLANG_WARN_RANGE_LOOP_ANALYSIS = YES;
				CLANG_WARN_STRICT_PROTOTYPES = YES;
				CLANG_WARN_SUSPICIOUS_MOVE = YES;
				CLANG_WARN_UNGUARDED_AVAILABILITY = YES_AGGRESSIVE;
				CLANG_WARN_UNREACHABLE_CODE = YES;
				CLANG_WARN__DUPLICATE_METHOD_MATCH = YES;
				CODE_SIGN_STYLE = Automatic;
				COPY_PHASE_STRIP = NO;
				CURRENT_PROJECT_VERSION = 3;
				DEBUG_INFORMATION_FORMAT = "dwarf-with-dsym";
				DEVELOPMENT_TEAM = A4YQL6FFTK;
				ENABLE_NS_ASSERTIONS = NO;
				ENABLE_STRICT_OBJC_MSGSEND = YES;
				ENABLE_USER_SCRIPT_SANDBOXING = YES;
				GCC_C_LANGUAGE_STANDARD = gnu11;
				GCC_NO_COMMON_BLOCKS = YES;
				GCC_WARN_64_TO_32_BIT_CONVERSION = YES;
				GCC_WARN_ABOUT_RETURN_TYPE = YES_ERROR;
				GCC_WARN_UNDECLARED_SELECTOR = YES;
				GCC_WARN_UNINITIALIZED_AUTOS = YES_AGGRESSIVE;
				GCC_WARN_UNUSED_FUNCTION = YES;
				GCC_WARN_UNUSED_VARIABLE = YES;
				IPHONEOS_DEPLOYMENT_TARGET = 26.0;
				LOCALIZATION_PREFERS_STRING_CATALOGS = YES;
				MARKETING_VERSION = 1.0.4;
				MTL_ENABLE_DEBUG_INFO = NO;
				MTL_FAST_MATH = YES;
				PRODUCT_NAME = "$(TARGET_NAME)";
				SDKROOT = iphoneos;
				STRING_CATALOG_GENERATE_SYMBOLS = YES;
				SWIFT_COMPILATION_MODE = wholemodule;
				SWIFT_OPTIMIZATION_LEVEL = "-O";
				SWIFT_STRICT_CONCURRENCY = complete;
				SWIFT_VERSION = 6.0;
			};
			name = Release;
		};
		6E1CE4AD00A453DC680C8ADE /* Release */ = {
			isa = XCBuildConfiguration;
			buildSettings = {
				ASSETCATALOG_COMPILER_APPICON_NAME = AppIcon;
				CODE_SIGN_IDENTITY = "iPhone Developer";
				GENERATE_INFOPLIST_FILE = YES;
				INFOPLIST_KEY_CFBundleDisplayName = "很牛的紫微斗數";
				INFOPLIST_KEY_ITSAppUsesNonExemptEncryption = NO;
				INFOPLIST_KEY_LSApplicationCategoryType = "public.app-category.lifestyle";
				INFOPLIST_KEY_NSMicrophoneUsageDescription = "將你主動說出的命盤問題轉成可編輯文字，不會自動送出。";
				INFOPLIST_KEY_NSSpeechRecognitionUsageDescription = "將你主動說出的命盤問題辨識成可編輯文字，不會自動送出。";
				INFOPLIST_KEY_UIApplicationSupportsIndirectInputEvents = YES;
				INFOPLIST_KEY_UILaunchScreen_Generation = YES;
				INFOPLIST_KEY_UISupportedInterfaceOrientations_iPhone = UIInterfaceOrientationPortrait;
				LD_RUNPATH_SEARCH_PATHS = (
					"$(inherited)",
					"@executable_path/Frameworks",
				);
				PRODUCT_BUNDLE_IDENTIFIER = dev.narumi.MightyZiWei;
				PRODUCT_NAME = MightyZiWei;
				SDKROOT = iphoneos;
				SUPPORTS_MACCATALYST = NO;
				TARGETED_DEVICE_FAMILY = 1;
			};
			name = Release;
		};
		8D6AB7CEE271A56E73E3BE96 /* Debug */ = {
			isa = XCBuildConfiguration;
			buildSettings = {
				BUNDLE_LOADER = "$(TEST_HOST)";
				GENERATE_INFOPLIST_FILE = YES;
				LD_RUNPATH_SEARCH_PATHS = (
					"$(inherited)",
					"@executable_path/Frameworks",
					"@loader_path/Frameworks",
				);
				PRODUCT_BUNDLE_IDENTIFIER = dev.narumi.MightyZiWeiTests;
				SDKROOT = iphoneos;
				TARGETED_DEVICE_FAMILY = "1,2";
				TEST_HOST = "$(BUILT_PRODUCTS_DIR)/MightyZiWei.app/MightyZiWei";
			};
			name = Debug;
		};
		B17370623BCB2A1507010F49 /* Debug */ = {
			isa = XCBuildConfiguration;
			buildSettings = {
				BUNDLE_LOADER = "$(TEST_HOST)";
				GENERATE_INFOPLIST_FILE = YES;
				LD_RUNPATH_SEARCH_PATHS = (
					"$(inherited)",
					"@executable_path/Frameworks",
					"@loader_path/Frameworks",
				);
				PRODUCT_BUNDLE_IDENTIFIER = dev.narumi.MightyZiWeiUITests;
				SDKROOT = iphoneos;
				TARGETED_DEVICE_FAMILY = "1,2";
				TEST_TARGET_NAME = MightyZiWei;
			};
			name = Debug;
		};
		B5D421063FF21C8B1FF54395 /* Release */ = {
			isa = XCBuildConfiguration;
			buildSettings = {
				BUNDLE_LOADER = "$(TEST_HOST)";
				GENERATE_INFOPLIST_FILE = YES;
				LD_RUNPATH_SEARCH_PATHS = (
					"$(inherited)",
					"@executable_path/Frameworks",
					"@loader_path/Frameworks",
				);
				PRODUCT_BUNDLE_IDENTIFIER = dev.narumi.MightyZiWeiUITests;
				SDKROOT = iphoneos;
				TARGETED_DEVICE_FAMILY = "1,2";
				TEST_TARGET_NAME = MightyZiWei;
			};
			name = Release;
		};
		C38996564111017EB62787C6 /* Release */ = {
			isa = XCBuildConfiguration;
			buildSettings = {
				BUNDLE_LOADER = "$(TEST_HOST)";
				GENERATE_INFOPLIST_FILE = YES;
				LD_RUNPATH_SEARCH_PATHS = (
					"$(inherited)",
					"@executable_path/Frameworks",
					"@loader_path/Frameworks",
				);
				PRODUCT_BUNDLE_IDENTIFIER = dev.narumi.MightyZiWeiTests;
				SDKROOT = iphoneos;
				TARGETED_DEVICE_FAMILY = "1,2";
				TEST_HOST = "$(BUILT_PRODUCTS_DIR)/MightyZiWei.app/MightyZiWei";
			};
			name = Release;
		};
		F3B992ED298D6F650BA0E82B /* Debug */ = {
			isa = XCBuildConfiguration;
			buildSettings = {
				ASSETCATALOG_COMPILER_APPICON_NAME = AppIcon;
				CODE_SIGN_IDENTITY = "iPhone Developer";
				GENERATE_INFOPLIST_FILE = YES;
				INFOPLIST_KEY_CFBundleDisplayName = "很牛的紫微斗數";
				INFOPLIST_KEY_ITSAppUsesNonExemptEncryption = NO;
				INFOPLIST_KEY_LSApplicationCategoryType = "public.app-category.lifestyle";
				INFOPLIST_KEY_NSMicrophoneUsageDescription = "將你主動說出的命盤問題轉成可編輯文字，不會自動送出。";
				INFOPLIST_KEY_NSSpeechRecognitionUsageDescription = "將你主動說出的命盤問題辨識成可編輯文字，不會自動送出。";
				INFOPLIST_KEY_UIApplicationSupportsIndirectInputEvents = YES;
				INFOPLIST_KEY_UILaunchScreen_Generation = YES;
				INFOPLIST_KEY_UISupportedInterfaceOrientations_iPhone = UIInterfaceOrientationPortrait;
				LD_RUNPATH_SEARCH_PATHS = (
					"$(inherited)",
					"@executable_path/Frameworks",
				);
				PRODUCT_BUNDLE_IDENTIFIER = dev.narumi.MightyZiWei;
				PRODUCT_NAME = MightyZiWei;
				SDKROOT = iphoneos;
				SUPPORTS_MACCATALYST = NO;
				TARGETED_DEVICE_FAMILY = 1;
			};
			name = Debug;
		};
/* End XCBuildConfiguration section */

/* Begin XCConfigurationList section */
		19FB97598D05117F183BAB3D /* Build configuration list for PBXNativeTarget "MightyZiWeiTests" */ = {
			isa = XCConfigurationList;
			buildConfigurations = (
				8D6AB7CEE271A56E73E3BE96 /* Debug */,
				C38996564111017EB62787C6 /* Release */,
			);
			defaultConfigurationIsVisible = 0;
			defaultConfigurationName = Debug;
		};
		1CA09D3281922A0541A6EAC7 /* Build configuration list for PBXNativeTarget "MightyZiWei" */ = {
			isa = XCConfigurationList;
			buildConfigurations = (
				F3B992ED298D6F650BA0E82B /* Debug */,
				6E1CE4AD00A453DC680C8ADE /* Release */,
			);
			defaultConfigurationIsVisible = 0;
			defaultConfigurationName = Debug;
		};
		2BFE701A9511F46BD6C32AA7 /* Build configuration list for PBXNativeTarget "MightyZiWeiUITests" */ = {
			isa = XCConfigurationList;
			buildConfigurations = (
				B17370623BCB2A1507010F49 /* Debug */,
				B5D421063FF21C8B1FF54395 /* Release */,
			);
			defaultConfigurationIsVisible = 0;
			defaultConfigurationName = Debug;
		};
		4812D7EEDF80CBA0E36469B0 /* Build configuration list for PBXProject "MightyZiWei" */ = {
			isa = XCConfigurationList;
			buildConfigurations = (
				0E606A557176FDFE732CC67C /* Debug */,
				55C1DFAB2D554AAE0412EA74 /* Release */,
			);
			defaultConfigurationIsVisible = 0;
			defaultConfigurationName = Debug;
		};
/* End XCConfigurationList section */
	};
	rootObject = 1CA7437453123D308FD23FAB /* Project object */;
}
